
Microsoft Visual Studio Solution File, Format Version 12.00
# Visual Studio Version 17
VisualStudioVersion = 17.0.32014.148
MinimumVisualStudioVersion = 10.0.40219.1
Project("{9A19103F-16F7-4668-BE54-9A1E7A4F7556}") = "Robust.API", "src\Robust.API\Robust.API.csproj", "{ED2A0365-DBBD-4137-9DE7-1C1538B0F53B}"
EndProject
Project("{E53339B2-1760-4266-BCC7-CA923CBCF16C}") = "docker-compose", "docker-compose.dcproj", "{38742DA1-415B-40E7-9727-03EF795C0539}"
EndProject
Global
	GlobalSection(SolutionConfigurationPlatforms) = preSolution
		Debug|Any CPU = Debug|Any CPU
		Release|Any CPU = Release|Any CPU
	EndGlobalSection
	GlobalSection(ProjectConfigurationPlatforms) = postSolution
		{ED2A0365-DBBD-4137-9DE7-1C1538B0F53B}.Debug|Any CPU.ActiveCfg = Debug|Any CPU
		{ED2A0365-DBBD-4137-9DE7-1C1538B0F53B}.Debug|Any CPU.Build.0 = Debug|Any CPU
		{ED2A0365-DBBD-4137-9DE7-1C1538B0F53B}.Release|Any CPU.ActiveCfg = Release|Any CPU
		{ED2A0365-DBBD-4137-9DE7-1C1538B0F53B}.Release|Any CPU.Build.0 = Release|Any CPU
		{38742DA1-415B-40E7-9727-03EF795C0539}.Debug|Any CPU.ActiveCfg = Debug|Any CPU
		{38742DA1-415B-40E7-9727-03EF795C0539}.Debug|Any CPU.Build.0 = Debug|Any CPU
		{38742DA1-415B-40E7-9727-03EF795C0539}.Release|Any CPU.ActiveCfg = Release|Any CPU
		{38742DA1-415B-40E7-9727-03EF795C0539}.Release|Any CPU.Build.0 = Release|Any CPU
	EndGlobalSection
	GlobalSection(SolutionProperties) = preSolution
		HideSolutionNode = FALSE
	EndGlobalSection
	GlobalSection(ExtensibilityGlobals) = postSolution
		SolutionGuid = {9F60E76D-68B4-4FA2-8BE2-58A9A28B9D68}
	EndGlobalSection
EndGlobal
